
Microsoft Visual Studio Solution File, Format Version 12.00
Project("{FAE04EC0-301F-11D3-BF4B-00C04F79EFBC}") = "laba_3", "laba_3.csproj", "{D27F0D2B-E8E3-4135-9718-ADB783CAE9EE}"
EndProject
Global
	GlobalSection(SolutionConfigurationPlatforms) = preSolution
		Debug|Any CPU = Debug|Any CPU
		Release|Any CPU = Release|Any CPU
	EndGlobalSection
	GlobalSection(ProjectConfigurationPlatforms) = postSolution
		{D27F0D2B-E8E3-4135-9718-ADB783CAE9EE}.Debug|Any CPU.ActiveCfg = Debug|Any CPU
		{D27F0D2B-E8E3-4135-9718-ADB783CAE9EE}.Debug|Any CPU.Build.0 = Debug|Any CPU
		{D27F0D2B-E8E3-4135-9718-ADB783CAE9EE}.Release|Any CPU.ActiveCfg = Release|Any CPU
		{D27F0D2B-E8E3-4135-9718-ADB783CAE9EE}.Release|Any CPU.Build.0 = Release|Any CPU
	EndGlobalSection
EndGlobal
